
Microsoft Visual Studio Solution File, Format Version 12.00
# Visual Studio Version 16
VisualStudioVersion = 16.0.34601.136
MinimumVisualStudioVersion = 10.0.40219.1
Project("{FAE04EC0-301F-11D3-BF4B-00C04F79EFBC}") = "Assignment_02Test", "Assignment_02Test\Assignment_02Test.csproj", "{99C8C195-A562-4EAD-926D-A025B9D5D140}"
EndProject
Global
	GlobalSection(SolutionConfigurationPlatforms) = preSolution
		Debug|Any CPU = Debug|Any CPU
		Release|Any CPU = Release|Any CPU
	EndGlobalSection
	GlobalSection(ProjectConfigurationPlatforms) = postSolution
		{99C8C195-A562-4EAD-926D-A025B9D5D140}.Debug|Any CPU.ActiveCfg = Debug|Any CPU
		{99C8C195-A562-4EAD-926D-A025B9D5D140}.Debug|Any CPU.Build.0 = Debug|Any CPU
		{99C8C195-A562-4EAD-926D-A025B9D5D140}.Release|Any CPU.ActiveCfg = Release|Any CPU
		{99C8C195-A562-4EAD-926D-A025B9D5D140}.Release|Any CPU.Build.0 = Release|Any CPU
	EndGlobalSection
	GlobalSection(SolutionProperties) = preSolution
		HideSolutionNode = FALSE
	EndGlobalSection
	GlobalSection(ExtensibilityGlobals) = postSolution
		SolutionGuid = {3A3B5438-8922-41B1-911B-5E89D8156FE0}
	EndGlobalSection
EndGlobal
