
Microsoft Visual Studio Solution File, Format Version 12.00
# Visual Studio Version 16
VisualStudioVersion = 16.0.34601.136
MinimumVisualStudioVersion = 10.0.40219.1
Project("{FAE04EC0-301F-11D3-BF4B-00C04F79EFBC}") = "Assessment_test", "Assessment_test\Assessment_test.csproj", "{DBBA004F-989D-47F9-843B-45933AE7B37E}"
EndProject
Global
	GlobalSection(SolutionConfigurationPlatforms) = preSolution
		Debug|Any CPU = Debug|Any CPU
		Release|Any CPU = Release|Any CPU
	EndGlobalSection
	GlobalSection(ProjectConfigurationPlatforms) = postSolution
		{DBBA004F-989D-47F9-843B-45933AE7B37E}.Debug|Any CPU.ActiveCfg = Debug|Any CPU
		{DBBA004F-989D-47F9-843B-45933AE7B37E}.Debug|Any CPU.Build.0 = Debug|Any CPU
		{DBBA004F-989D-47F9-843B-45933AE7B37E}.Release|Any CPU.ActiveCfg = Release|Any CPU
		{DBBA004F-989D-47F9-843B-45933AE7B37E}.Release|Any CPU.Build.0 = Release|Any CPU
	EndGlobalSection
	GlobalSection(SolutionProperties) = preSolution
		HideSolutionNode = FALSE
	EndGlobalSection
	GlobalSection(ExtensibilityGlobals) = postSolution
		SolutionGuid = {00D99A85-EC60-4E8B-9C33-510D5CB7D1FD}
	EndGlobalSection
EndGlobal
