
Microsoft Visual Studio Solution File, Format Version 12.00
# Visual Studio Version 16
VisualStudioVersion = 16.0.34601.136
MinimumVisualStudioVersion = 10.0.40219.1
Project("{FAE04EC0-301F-11D3-BF4B-00C04F79EFBC}") = "dotnet_day3", "dotnet_day3\dotnet_day3.csproj", "{486FAEBB-B2ED-4D2D-AF8A-B84F0B5839D7}"
EndProject
Global
	GlobalSection(SolutionConfigurationPlatforms) = preSolution
		Debug|Any CPU = Debug|Any CPU
		Release|Any CPU = Release|Any CPU
	EndGlobalSection
	GlobalSection(ProjectConfigurationPlatforms) = postSolution
		{486FAEBB-B2ED-4D2D-AF8A-B84F0B5839D7}.Debug|Any CPU.ActiveCfg = Debug|Any CPU
		{486FAEBB-B2ED-4D2D-AF8A-B84F0B5839D7}.Debug|Any CPU.Build.0 = Debug|Any CPU
		{486FAEBB-B2ED-4D2D-AF8A-B84F0B5839D7}.Release|Any CPU.ActiveCfg = Release|Any CPU
		{486FAEBB-B2ED-4D2D-AF8A-B84F0B5839D7}.Release|Any CPU.Build.0 = Release|Any CPU
	EndGlobalSection
	GlobalSection(SolutionProperties) = preSolution
		HideSolutionNode = FALSE
	EndGlobalSection
	GlobalSection(ExtensibilityGlobals) = postSolution
		SolutionGuid = {8D64A2A7-245B-4414-8010-025F5A4EE37D}
	EndGlobalSection
EndGlobal
