
Microsoft Visual Studio Solution File, Format Version 12.00
# Visual Studio Version 16
VisualStudioVersion = 16.0.34601.136
MinimumVisualStudioVersion = 10.0.40219.1
Project("{FAE04EC0-301F-11D3-BF4B-00C04F79EFBC}") = "Assignment_04", "Assignment_04\Assignment_04.csproj", "{8E8BE424-DE13-4252-BD4C-99FEA19FAB7D}"
EndProject
Project("{FAE04EC0-301F-11D3-BF4B-00C04F79EFBC}") = "Concession", "Concession\Concession.csproj", "{CDC6C55D-02E9-49FF-BA78-4EEA14A27E38}"
EndProject
Global
	GlobalSection(SolutionConfigurationPlatforms) = preSolution
		Debug|Any CPU = Debug|Any CPU
		Release|Any CPU = Release|Any CPU
	EndGlobalSection
	GlobalSection(ProjectConfigurationPlatforms) = postSolution
		{8E8BE424-DE13-4252-BD4C-99FEA19FAB7D}.Debug|Any CPU.ActiveCfg = Debug|Any CPU
		{8E8BE424-DE13-4252-BD4C-99FEA19FAB7D}.Debug|Any CPU.Build.0 = Debug|Any CPU
		{8E8BE424-DE13-4252-BD4C-99FEA19FAB7D}.Release|Any CPU.ActiveCfg = Release|Any CPU
		{8E8BE424-DE13-4252-BD4C-99FEA19FAB7D}.Release|Any CPU.Build.0 = Release|Any CPU
		{CDC6C55D-02E9-49FF-BA78-4EEA14A27E38}.Debug|Any CPU.ActiveCfg = Debug|Any CPU
		{CDC6C55D-02E9-49FF-BA78-4EEA14A27E38}.Debug|Any CPU.Build.0 = Debug|Any CPU
		{CDC6C55D-02E9-49FF-BA78-4EEA14A27E38}.Release|Any CPU.ActiveCfg = Release|Any CPU
		{CDC6C55D-02E9-49FF-BA78-4EEA14A27E38}.Release|Any CPU.Build.0 = Release|Any CPU
	EndGlobalSection
	GlobalSection(SolutionProperties) = preSolution
		HideSolutionNode = FALSE
	EndGlobalSection
	GlobalSection(ExtensibilityGlobals) = postSolution
		SolutionGuid = {08556B18-92BE-4C6B-9D4C-F3D0FC1782CF}
	EndGlobalSection
EndGlobal
